
Microsoft Visual Studio Solution File, Format Version 12.00
# Visual Studio Version 16
VisualStudioVersion = 16.0.31829.152
MinimumVisualStudioVersion = 10.0.40219.1
Project("{FAE04EC0-301F-11D3-BF4B-00C04F79EFBC}") = "DesarmarBombaInspire", "DesarmarBombaInspire\DesarmarBombaInspire.csproj", "{7E649D5A-BE39-494F-9577-2D6B29375ADD}"
EndProject
Global
	GlobalSection(SolutionConfigurationPlatforms) = preSolution
		Debug|Any CPU = Debug|Any CPU
		Release|Any CPU = Release|Any CPU
	EndGlobalSection
	GlobalSection(ProjectConfigurationPlatforms) = postSolution
		{7E649D5A-BE39-494F-9577-2D6B29375ADD}.Debug|Any CPU.ActiveCfg = Debug|Any CPU
		{7E649D5A-BE39-494F-9577-2D6B29375ADD}.Debug|Any CPU.Build.0 = Debug|Any CPU
		{7E649D5A-BE39-494F-9577-2D6B29375ADD}.Release|Any CPU.ActiveCfg = Release|Any CPU
		{7E649D5A-BE39-494F-9577-2D6B29375ADD}.Release|Any CPU.Build.0 = Release|Any CPU
	EndGlobalSection
	GlobalSection(SolutionProperties) = preSolution
		HideSolutionNode = FALSE
	EndGlobalSection
	GlobalSection(ExtensibilityGlobals) = postSolution
		SolutionGuid = {17C301FF-E442-46A6-953E-43222400D272}
	EndGlobalSection
EndGlobal
